
Microsoft Visual Studio Solution File, Format Version 12.00
# Visual Studio Version 17
VisualStudioVersion = 17.1.32210.238
MinimumVisualStudioVersion = 10.0.40219.1
Project("{FAE04EC0-301F-11D3-BF4B-00C04F79EFBC}") = "KeyCardIoTApp", "KeyCardIoTApp\KeyCardIoTApp.csproj", "{4D96697A-811C-47DD-9D9B-58041E47C071}"
EndProject
Global
	GlobalSection(SolutionConfigurationPlatforms) = preSolution
		Debug|Any CPU = Debug|Any CPU
		Release|Any CPU = Release|Any CPU
	EndGlobalSection
	GlobalSection(ProjectConfigurationPlatforms) = postSolution
		{4D96697A-811C-47DD-9D9B-58041E47C071}.Debug|Any CPU.ActiveCfg = Debug|Any CPU
		{4D96697A-811C-47DD-9D9B-58041E47C071}.Debug|Any CPU.Build.0 = Debug|Any CPU
		{4D96697A-811C-47DD-9D9B-58041E47C071}.Release|Any CPU.ActiveCfg = Release|Any CPU
		{4D96697A-811C-47DD-9D9B-58041E47C071}.Release|Any CPU.Build.0 = Release|Any CPU
	EndGlobalSection
	GlobalSection(SolutionProperties) = preSolution
		HideSolutionNode = FALSE
	EndGlobalSection
	GlobalSection(ExtensibilityGlobals) = postSolution
		SolutionGuid = {D605AD4D-2E26-4FA5-A906-4B369B4311C7}
	EndGlobalSection
EndGlobal
