
Microsoft Visual Studio Solution File, Format Version 12.00
# Visual Studio Version 17
VisualStudioVersion = 17.1.32210.238
MinimumVisualStudioVersion = 10.0.40219.1
Project("{FAE04EC0-301F-11D3-BF4B-00C04F79EFBC}") = "KeyCardWebServices", "KeyCardWebServices\KeyCardWebServices.csproj", "{A91D522C-F5BC-45A7-A183-D2FD28D9220F}"
EndProject
Global
	GlobalSection(SolutionConfigurationPlatforms) = preSolution
		Debug|Any CPU = Debug|Any CPU
		Release|Any CPU = Release|Any CPU
	EndGlobalSection
	GlobalSection(ProjectConfigurationPlatforms) = postSolution
		{A91D522C-F5BC-45A7-A183-D2FD28D9220F}.Debug|Any CPU.ActiveCfg = Debug|Any CPU
		{A91D522C-F5BC-45A7-A183-D2FD28D9220F}.Debug|Any CPU.Build.0 = Debug|Any CPU
		{A91D522C-F5BC-45A7-A183-D2FD28D9220F}.Release|Any CPU.ActiveCfg = Release|Any CPU
		{A91D522C-F5BC-45A7-A183-D2FD28D9220F}.Release|Any CPU.Build.0 = Release|Any CPU
	EndGlobalSection
	GlobalSection(SolutionProperties) = preSolution
		HideSolutionNode = FALSE
	EndGlobalSection
	GlobalSection(ExtensibilityGlobals) = postSolution
		SolutionGuid = {EAAF891F-64CE-4B36-AEAD-008803AE37B7}
	EndGlobalSection
EndGlobal
